// !$*UTF8*$!
{
	archiveVersion = 1;
	classes = {
	};
	objectVersion = 46;
	objects = {

/* Begin PBXBuildFile section */
		9DB693E81CB0BB5E00DDE2EF /* AppDelegate.swift in Sources */ = {isa = PBXBuildFile; fileRef = 9DB693E71CB0BB5E00DDE2EF /* AppDelegate.swift */; };
		9DB693EA1CB0BB5E00DDE2EF /* Assets.xcassets in Resources */ = {isa = PBXBuildFile; fileRef = 9DB693E91CB0BB5E00DDE2EF /* Assets.xcassets */; };
		9DB693ED1CB0BB5E00DDE2EF /* MainMenu.xib in Resources */ = {isa = PBXBuildFile; fileRef = 9DB693EB1CB0BB5E00DDE2EF /* MainMenu.xib */; };
/* End PBXBuildFile section */

/* Begin PBXFileReference section */
		9DB693E41CB0BB5E00DDE2EF /* Weather Cat.app */ = {isa = PBXFileReference; explicitFileType = wrapper.application; includeInIndex = 0; path = "Weather Cat.app"; sourceTree = BUILT_PRODUCTS_DIR; };
		9DB693E71CB0BB5E00DDE2EF /* AppDelegate.swift */ = {isa = PBXFileReference; lastKnownFileType = sourcecode.swift; path = AppDelegate.swift; sourceTree = "<group>"; };
		9DB693E91CB0BB5E00DDE2EF /* Assets.xcassets */ = {isa = PBXFileReference; lastKnownFileType = folder.assetcatalog; path = Assets.xcassets; sourceTree = "<group>"; };
		9DB693EC1CB0BB5E00DDE2EF /* Base */ = {isa = PBXFileReference; lastKnownFileType = file.xib; name = Base; path = Base.lproj/MainMenu.xib; sourceTree = "<group>"; };
		9DB693EE1CB0BB5E00DDE2EF /* Info.plist */ = {isa = PBXFileReference; lastKnownFileType = text.plist.xml; path = Info.plist; sourceTree = "<group>"; };
/* End PBXFileReference section */

/* Begin PBXFrameworksBuildPhase section */
		9DB693E11CB0BB5E00DDE2EF /* Frameworks */ = {
			isa = PBXFrameworksBuildPhase;
			buildActionMask = 2147483647;
			files = (
			);
			runOnlyForDeploymentPostprocessing = 0;
		};
/* End PBXFrameworksBuildPhase section */

/* Begin PBXGroup section */
		9DB693DB1CB0BB5E00DDE2EF = {
			isa = PBXGroup;
			children = (
				9DB693E61CB0BB5E00DDE2EF /* Weather Cat */,
				9DB693E51CB0BB5E00DDE2EF /* Products */,
			);
			sourceTree = "<group>";
		};
		9DB693E51CB0BB5E00DDE2EF /* Products */ = {
			isa = PBXGroup;
			children = (
				9DB693E41CB0BB5E00DDE2EF /* Weather Cat.app */,
			);
			name = Products;
			sourceTree = "<group>";
		};
		9DB693E61CB0BB5E00DDE2EF /* Weather Cat */ = {
			isa = PBXGroup;
			children = (
				9DB693E71CB0BB5E00DDE2EF /* AppDelegate.swift */,
				9DB693E91CB0BB5E00DDE2EF /* Assets.xcassets */,
				9DB693EB1CB0BB5E00DDE2EF /* MainMenu.xib */,
				9DB693EE1CB0BB5E00DDE2EF /* Info.plist */,
			);
			path = "Weather Cat";
			sourceTree = "<group>";
		};
/* End PBXGroup section */

/* Begin PBXNativeTarget section */
		9DB693E31CB0BB5E00DDE2EF /* Weather Cat */ = {
			isa = PBXNativeTarget;
			buildConfigurationList = 9DB693F11CB0BB5E00DDE2EF /* Build configuration list for PBXNativeTarget "Weather Cat" */;
			buildPhases = (
				9DB693E01CB0BB5E00DDE2EF /* Sources */,
				9DB693E11CB0BB5E00DDE2EF /* Frameworks */,
				9DB693E21CB0BB5E00DDE2EF /* Resources */,
			);
			buildRules = (
			);
			dependencies = (
			);
			name = "Weather Cat";
			productName = "Weather Cat";
			productReference = 9DB693E41CB0BB5E00DDE2EF /* Weather Cat.app */;
			productType = "com.apple.product-type.application";
		};
/* End PBXNativeTarget section */

/* Begin PBXProject section */
		9DB693DC1CB0BB5E00DDE2EF /* Project object */ = {
			isa = PBXProject;
			attributes = {
				LastSwiftUpdateCheck = 0730;
				LastUpgradeCheck = 0730;
				ORGANIZATIONNAME = "Pirijan Ketheswaran";
				TargetAttributes = {
					9DB693E31CB0BB5E00DDE2EF = {
						CreatedOnToolsVersion = 7.3;
					};
				};
			};
			buildConfigurationList = 9DB693DF1CB0BB5E00DDE2EF /* Build configuration list for PBXProject "Weather Cat" */;
			compatibilityVersion = "Xcode 3.2";
			developmentRegion = English;
			hasScannedForEncodings = 0;
			knownRegions = (
				en,
				Base,
			);
			mainGroup = 9DB693DB1CB0BB5E00DDE2EF;
			productRefGroup = 9DB693E51CB0BB5E00DDE2EF /* Products */;
			projectDirPath = "";
			projectRoot = "";
			targets = (
				9DB693E31CB0BB5E00DDE2EF /* Weather Cat */,
			);
		};
/* End PBXProject section */

/* Begin PBXResourcesBuildPhase section */
		9DB693E21CB0BB5E00DDE2EF /* Resources */ = {
			isa = PBXResourcesBuildPhase;
			buildActionMask = 2147483647;
			files = (
				9DB693EA1CB0BB5E00DDE2EF /* Assets.xcassets in Resources */,
				9DB693ED1CB0BB5E00DDE2EF /* MainMenu.xib in Resources */,
			);
			runOnlyForDeploymentPostprocessing = 0;
		};
/* End PBXResourcesBuildPhase section */

/* Begin PBXSourcesBuildPhase section */
		9DB693E01CB0BB5E00DDE2EF /* Sources */ = {
			isa = PBXSourcesBuildPhase;
			buildActionMask = 2147483647;
			files = (
				9DB693E81CB0BB5E00DDE2EF /* AppDelegate.swift in Sources */,
			);
			runOnlyForDeploymentPostprocessing = 0;
		};
/* End PBXSourcesBuildPhase section */

/* Begin PBXVariantGroup section */
		9DB693EB1CB0BB5E00DDE2EF /* MainMenu.xib */ = {
			isa = PBXVariantGroup;
			children = (
				9DB693EC1CB0BB5E00DDE2EF /* Base */,
			);
			name = MainMenu.xib;
			sourceTree = "<group>";
		};
/* End PBXVariantGroup section */

/* Begin XCBuildConfiguration section */
		9DB693EF1CB0BB5E00DDE2EF /* Debug */ = {
			isa = XCBuildConfiguration;
			buildSettings = {
				ALWAYS_SEARCH_USER_PATHS = NO;
				CLANG_ANALYZER_NONNULL = YES;
				CLANG_CXX_LANGUAGE_STANDARD = "gnu++0x";
				CLANG_CXX_LIBRARY = "libc++";
				CLANG_ENABLE_MODULES = YES;
				CLANG_ENABLE_OBJC_ARC = YES;
				CLANG_WARN_BOOL_CONVERSION = YES;
				CLANG_WARN_CONSTANT_CONVERSION = YES;
				CLANG_WARN_DIRECT_OBJC_ISA_USAGE = YES_ERROR;
				CLANG_WARN_EMPTY_BODY = YES;
				CLANG_WARN_ENUM_CONVERSION = YES;
				CLANG_WARN_INT_CONVERSION = YES;
				CLANG_WARN_OBJC_ROOT_CLASS = YES_ERROR;
				CLANG_WARN_UNREACHABLE_CODE = YES;
				CLANG_WARN__DUPLICATE_METHOD_MATCH = YES;
				CODE_SIGN_IDENTITY = "-";
				COPY_PHASE_STRIP = NO;
				DEBUG_INFORMATION_FORMAT = dwarf;
				ENABLE_STRICT_OBJC_MSGSEND = YES;
				ENABLE_TESTABILITY = YES;
				GCC_C_LANGUAGE_STANDARD = gnu99;
				GCC_DYNAMIC_NO_PIC = NO;
				GCC_NO_COMMON_BLOCKS = YES;
				GCC_OPTIMIZATION_LEVEL = 0;
				GCC_PREPROCESSOR_DEFINITIONS = (
					"DEBUG=1",
					"$(inherited)",
				);
				GCC_WARN_64_TO_32_BIT_CONVERSION = YES;
				GCC_WARN_ABOUT_RETURN_TYPE = YES_ERROR;
				GCC_WARN_UNDECLARED_SELECTOR = YES;
				GCC_WARN_UNINITIALIZED_AUTOS = YES_AGGRESSIVE;
				GCC_WARN_UNUSED_FUNCTION = YES;
				GCC_WARN_UNUSED_VARIABLE = YES;
				MACOSX_DEPLOYMENT_TARGET = 10.11;
				MTL_ENABLE_DEBUG_INFO = YES;
				ONLY_ACTIVE_ARCH = YES;
				SDKROOT = macosx;
				SWIFT_OPTIMIZATION_LEVEL = "-Onone";
			};
			name = Debug;
		};
		9DB693F01CB0BB5E00DDE2EF /* Release */ = {
			isa = XCBuildConfiguration;
			buildSettings = {
				ALWAYS_SEARCH_USER_PATHS = NO;
				CLANG_ANALYZER_NONNULL = YES;
				CLANG_CXX_LANGUAGE_STANDARD = "gnu++0x";
				CLANG_CXX_LIBRARY = "libc++";
				CLANG_ENABLE_MODULES = YES;
				CLANG_ENABLE_OBJC_ARC = YES;
				CLANG_WARN_BOOL_CONVERSION = YES;
				CLANG_WARN_CONSTANT_CONVERSION = YES;
				CLANG_WARN_DIRECT_OBJC_ISA_USAGE = YES_ERROR;
				CLANG_WARN_EMPTY_BODY = YES;
				CLANG_WARN_ENUM_CONVERSION = YES;
				CLANG_WARN_INT_CONVERSION = YES;
				CLANG_WARN_OBJC_ROOT_CLASS = YES_ERROR;
				CLANG_WARN_UNREACHABLE_CODE = YES;
				CLANG_WARN__DUPLICATE_METHOD_MATCH = YES;
				CODE_SIGN_IDENTITY = "-";
				COPY_PHASE_STRIP = NO;
				DEBUG_INFORMATION_FORMAT = "dwarf-with-dsym";
				ENABLE_NS_ASSERTIONS = NO;
				ENABLE_STRICT_OBJC_MSGSEND = YES;
				GCC_C_LANGUAGE_STANDARD = gnu99;
				GCC_NO_COMMON_BLOCKS = YES;
				GCC_WARN_64_TO_32_BIT_CONVERSION = YES;
				GCC_WARN_ABOUT_RETURN_TYPE = YES_ERROR;
				GCC_WARN_UNDECLARED_SELECTOR = YES;
				GCC_WARN_UNINITIALIZED_AUTOS = YES_AGGRESSIVE;
				GCC_WARN_UNUSED_FUNCTION = YES;
				GCC_WARN_UNUSED_VARIABLE = YES;
				MACOSX_DEPLOYMENT_TARGET = 10.11;
				MTL_ENABLE_DEBUG_INFO = NO;
				SDKROOT = macosx;
			};
			name = Release;
		};
		9DB693F21CB0BB5E00DDE2EF /* Debug */ = {
			isa = XCBuildConfiguration;
			buildSettings = {
				ASSETCATALOG_COMPILER_APPICON_NAME = AppIcon;
				COMBINE_HIDPI_IMAGES = YES;
				INFOPLIST_FILE = "Weather Cat/Info.plist";
				LD_RUNPATH_SEARCH_PATHS = "$(inherited) @executable_path/../Frameworks";
				PRODUCT_BUNDLE_IDENTIFIER = "com.pirijan.Weather-Cat";
				PRODUCT_NAME = "$(TARGET_NAME)";
			};
			name = Debug;
		};
		9DB693F31CB0BB5E00DDE2EF /* Release */ = {
			isa = XCBuildConfiguration;
			buildSettings = {
				ASSETCATALOG_COMPILER_APPICON_NAME = AppIcon;
				COMBINE_HIDPI_IMAGES = YES;
				INFOPLIST_FILE = "Weather Cat/Info.plist";
				LD_RUNPATH_SEARCH_PATHS = "$(inherited) @executable_path/../Frameworks";
				PRODUCT_BUNDLE_IDENTIFIER = "com.pirijan.Weather-Cat";
				PRODUCT_NAME = "$(TARGET_NAME)";
			};
			name = Release;
		};
/* End XCBuildConfiguration section */

/* Begin XCConfigurationList section */
		9DB693DF1CB0BB5E00DDE2EF /* Build configuration list for PBXProject "Weather Cat" */ = {
			isa = XCConfigurationList;
			buildConfigurations = (
				9DB693EF1CB0BB5E00DDE2EF /* Debug */,
				9DB693F01CB0BB5E00DDE2EF /* Release */,
			);
			defaultConfigurationIsVisible = 0;
			defaultConfigurationName = Release;
		};
		9DB693F11CB0BB5E00DDE2EF /* Build configuration list for PBXNativeTarget "Weather Cat" */ = {
			isa = XCConfigurationList;
			buildConfigurations = (
				9DB693F21CB0BB5E00DDE2EF /* Debug */,
				9DB693F31CB0BB5E00DDE2EF /* Release */,
			);
			defaultConfigurationIsVisible = 0;
		};
/* End XCConfigurationList section */
	};
	rootObject = 9DB693DC1CB0BB5E00DDE2EF /* Project object */;
}
